
Microsoft Visual Studio Solution File, Format Version 12.00
# Visual Studio 15
Project("{FAE04EC0-301F-11D3-BF4B-00C04F79EFBC}") = "CGImageSave", "CGImageSave\CGImageSave.csproj", "{2DEEF562-5BBB-47F4-A0BD-8FF76A628A38}"
EndProject
Global
	GlobalSection(SolutionConfigurationPlatforms) = preSolution
		Debug|iPhoneSimulator = Debug|iPhoneSimulator
		Release|iPhoneSimulator = Release|iPhoneSimulator
		Debug|iPhone = Debug|iPhone
		Release|iPhone = Release|iPhone
	EndGlobalSection
	GlobalSection(ProjectConfigurationPlatforms) = postSolution
		{2DEEF562-5BBB-47F4-A0BD-8FF76A628A38}.Debug|iPhoneSimulator.ActiveCfg = Debug|iPhoneSimulator
		{2DEEF562-5BBB-47F4-A0BD-8FF76A628A38}.Debug|iPhoneSimulator.Build.0 = Debug|iPhoneSimulator
		{2DEEF562-5BBB-47F4-A0BD-8FF76A628A38}.Release|iPhoneSimulator.ActiveCfg = Release|iPhoneSimulator
		{2DEEF562-5BBB-47F4-A0BD-8FF76A628A38}.Release|iPhoneSimulator.Build.0 = Release|iPhoneSimulator
		{2DEEF562-5BBB-47F4-A0BD-8FF76A628A38}.Debug|iPhone.ActiveCfg = Debug|iPhone
		{2DEEF562-5BBB-47F4-A0BD-8FF76A628A38}.Debug|iPhone.Build.0 = Debug|iPhone
		{2DEEF562-5BBB-47F4-A0BD-8FF76A628A38}.Release|iPhone.ActiveCfg = Release|iPhone
		{2DEEF562-5BBB-47F4-A0BD-8FF76A628A38}.Release|iPhone.Build.0 = Release|iPhone
	EndGlobalSection
EndGlobal
